
Microsoft Visual Studio Solution File, Format Version 12.00
# Visual Studio 15
VisualStudioVersion = 15.0.28307.421
MinimumVisualStudioVersion = 10.0.40219.1
Project("{8BC9CEB8-8B4A-11D0-8D11-00A0C91BC942}") = "projectCh1-4", "projectCh1-4\projectCh1-4.vcxproj", "{A4243413-AAEA-4A7F-9D8F-0F1352693C29}"
EndProject
Global
	GlobalSection(SolutionConfigurationPlatforms) = preSolution
		Debug|x64 = Debug|x64
		Debug|x86 = Debug|x86
		Release|x64 = Release|x64
		Release|x86 = Release|x86
	EndGlobalSection
	GlobalSection(ProjectConfigurationPlatforms) = postSolution
		{A4243413-AAEA-4A7F-9D8F-0F1352693C29}.Debug|x64.ActiveCfg = Debug|x64
		{A4243413-AAEA-4A7F-9D8F-0F1352693C29}.Debug|x64.Build.0 = Debug|x64
		{A4243413-AAEA-4A7F-9D8F-0F1352693C29}.Debug|x86.ActiveCfg = Debug|Win32
		{A4243413-AAEA-4A7F-9D8F-0F1352693C29}.Debug|x86.Build.0 = Debug|Win32
		{A4243413-AAEA-4A7F-9D8F-0F1352693C29}.Release|x64.ActiveCfg = Release|x64
		{A4243413-AAEA-4A7F-9D8F-0F1352693C29}.Release|x64.Build.0 = Release|x64
		{A4243413-AAEA-4A7F-9D8F-0F1352693C29}.Release|x86.ActiveCfg = Release|Win32
		{A4243413-AAEA-4A7F-9D8F-0F1352693C29}.Release|x86.Build.0 = Release|Win32
	EndGlobalSection
	GlobalSection(SolutionProperties) = preSolution
		HideSolutionNode = FALSE
	EndGlobalSection
	GlobalSection(ExtensibilityGlobals) = postSolution
		SolutionGuid = {CCB507D7-D21F-4E11-9037-F9AFD2319797}
	EndGlobalSection
EndGlobal
